
Microsoft Visual Studio Solution File, Format Version 12.00
# Visual Studio Version 17
VisualStudioVersion = 17.14.36401.2
MinimumVisualStudioVersion = 10.0.40219.1
Project("{2150E333-8FDC-42A3-9474-1A3956D46DE8}") = "Services", "Services", "{02EA681E-C7D8-13C7-8484-4AC65E1B71E8}"
EndProject
Project("{2150E333-8FDC-42A3-9474-1A3956D46DE8}") = "Catalog", "Catalog", "{98A773EC-7110-44AC-8B33-752C5E5908D4}"
EndProject
Project("{9A19103F-16F7-4668-BE54-9A1E7A4F7556}") = "MultiShop.Catalog", "Services\Catalog\MultiShop.Catalog\MultiShop.Catalog.csproj", "{EC27E89E-0F20-415B-8BA0-F9020E921A55}"
EndProject
Project("{2150E333-8FDC-42A3-9474-1A3956D46DE8}") = "Discount", "Discount", "{E0FFB80B-19E3-4DE3-9386-5A81C229DC1F}"
EndProject
Project("{9A19103F-16F7-4668-BE54-9A1E7A4F7556}") = "MultiShop.Discount", "Services\Discount\MultiShop.Discount\MultiShop.Discount.csproj", "{ED844FFD-011C-41EE-A2D3-C07AA14957A1}"
EndProject
Project("{2150E333-8FDC-42A3-9474-1A3956D46DE8}") = "Order", "Order", "{FBEAB6B5-2DB8-4CF5-80E9-2BA5B3194735}"
EndProject
Project("{2150E333-8FDC-42A3-9474-1A3956D46DE8}") = "Core", "Core", "{AF03DFE9-7652-403C-B352-AD55922B637D}"
EndProject
Project("{2150E333-8FDC-42A3-9474-1A3956D46DE8}") = "Presentation", "Presentation", "{7EDD5ECA-EAA7-4BE3-8B14-1DAB9BB4528E}"
EndProject
Project("{2150E333-8FDC-42A3-9474-1A3956D46DE8}") = "Infrastructure", "Infrastructure", "{BEFB65DE-831B-4D92-9B65-8D88D165FDAF}"
EndProject
Project("{9A19103F-16F7-4668-BE54-9A1E7A4F7556}") = "MultiShop.Order.Domain", "Services\Order\Core\MultiShop.Order.Domain\MultiShop.Order.Domain.csproj", "{141E4D0A-7958-4FDB-B496-8E0847C72266}"
EndProject
Project("{9A19103F-16F7-4668-BE54-9A1E7A4F7556}") = "MultiShop.Order.Application", "Services\Order\Core\MultiShop.Order.Application\MultiShop.Order.Application.csproj", "{CDFBB3AD-CCBB-4F58-BD9F-AD6E0D8490B0}"
EndProject
Project("{9A19103F-16F7-4668-BE54-9A1E7A4F7556}") = "MultiShop.Order.Persistance", "Services\Order\Infrastructure\MultiShop.Order.Persistance\MultiShop.Order.Persistance.csproj", "{99589BED-F281-4E1C-9516-D413EDB1C9CF}"
EndProject
Project("{9A19103F-16F7-4668-BE54-9A1E7A4F7556}") = "MultiShop.Order.WebApi", "Services\Order\Presentation\MultiShop.Order.WebApi\MultiShop.Order.WebApi.csproj", "{C6EF679D-5ACC-4D95-8B33-4807BE9A8DB4}"
EndProject
Project("{2150E333-8FDC-42A3-9474-1A3956D46DE8}") = "IdentityServer", "IdentityServer", "{B6919786-5026-41C1-A065-63C54CDC299B}"
EndProject
Project("{9A19103F-16F7-4668-BE54-9A1E7A4F7556}") = "MultiShop.IdentityServer", "IdentityServer\MultiShop.IdentityServer\MultiShop.IdentityServer.csproj", "{59ACA07E-E7A1-48A2-81DF-A55A8AC02628}"
EndProject
Project("{2150E333-8FDC-42A3-9474-1A3956D46DE8}") = "Requirements", "Requirements", "{F48EDABC-8C2F-4C4D-BB5E-B17D3BD8AC5A}"
	ProjectSection(SolutionItems) = preProject
		IdentityServerSolutions.txt = IdentityServerSolutions.txt
		Portainer.txt = Portainer.txt
		PortNumber.txt = PortNumber.txt
		usersifre.txt = usersifre.txt
	EndProjectSection
EndProject
Project("{2150E333-8FDC-42A3-9474-1A3956D46DE8}") = "Cargo", "Cargo", "{36239641-5665-4260-B665-80CEDD2799C8}"
EndProject
Project("{9A19103F-16F7-4668-BE54-9A1E7A4F7556}") = "MultiShop.Cargo.EntityLayer", "Services\Cargo\MultiShop.Cargo.EntityLayer\MultiShop.Cargo.EntityLayer.csproj", "{12F30FAE-B6CB-4228-BE69-874A51D02058}"
EndProject
Project("{9A19103F-16F7-4668-BE54-9A1E7A4F7556}") = "MultiShop.Cargo.BusinessLayer", "Services\Cargo\MultiShop.Cargo.BusinessLayer\MultiShop.Cargo.BusinessLayer.csproj", "{BF062DF6-536A-4E0C-B5D5-DB021CFE0CAE}"
EndProject
Project("{9A19103F-16F7-4668-BE54-9A1E7A4F7556}") = "MultiShop.Cargo.DataAccessLayer", "Services\Cargo\MultiShop.Cargo.DataAccessLayer\MultiShop.Cargo.DataAccessLayer.csproj", "{3CF42D3E-F2BD-48C9-B9AA-3000EA745841}"
EndProject
Project("{9A19103F-16F7-4668-BE54-9A1E7A4F7556}") = "MultiShop.Cargo.DtoLayer", "Services\Cargo\MultiShop.Cargo.DtoLayer\MultiShop.Cargo.DtoLayer.csproj", "{5328FDAC-7574-4FB2-8331-388691B777DB}"
EndProject
Project("{9A19103F-16F7-4668-BE54-9A1E7A4F7556}") = "MultiShop.Cargo.WebApi", "Services\Cargo\MultiShop.Cargo.WebApi\MultiShop.Cargo.WebApi.csproj", "{C2495987-7FCA-4A39-91A7-DF324F1E266B}"
EndProject
Project("{2150E333-8FDC-42A3-9474-1A3956D46DE8}") = "Basket", "Basket", "{DA52B52B-7FAB-4CA2-893C-25A4808A5666}"
EndProject
Project("{9A19103F-16F7-4668-BE54-9A1E7A4F7556}") = "MultiShop.Basket", "Services\Basket\MultiShop.Basket\MultiShop.Basket.csproj", "{D5D7F8E0-4564-4B7B-96B7-316207080722}"
EndProject
Project("{2150E333-8FDC-42A3-9474-1A3956D46DE8}") = "Frontends", "Frontends", "{C2EF51FB-6FF8-4F9E-9A5B-24A40BEA634A}"
EndProject
Project("{FAE04EC0-301F-11D3-BF4B-00C04F79EFBC}") = "MultiShop.WebUI", "Frontends\MultiShop.WebUI\MultiShop.WebUI.csproj", "{477D7728-85E3-4878-8A51-FEFFB446D2A2}"
EndProject
Global
	GlobalSection(SolutionConfigurationPlatforms) = preSolution
		Debug|Any CPU = Debug|Any CPU
		Release|Any CPU = Release|Any CPU
	EndGlobalSection
	GlobalSection(ProjectConfigurationPlatforms) = postSolution
		{EC27E89E-0F20-415B-8BA0-F9020E921A55}.Debug|Any CPU.ActiveCfg = Debug|Any CPU
		{EC27E89E-0F20-415B-8BA0-F9020E921A55}.Debug|Any CPU.Build.0 = Debug|Any CPU
		{EC27E89E-0F20-415B-8BA0-F9020E921A55}.Release|Any CPU.ActiveCfg = Release|Any CPU
		{EC27E89E-0F20-415B-8BA0-F9020E921A55}.Release|Any CPU.Build.0 = Release|Any CPU
		{ED844FFD-011C-41EE-A2D3-C07AA14957A1}.Debug|Any CPU.ActiveCfg = Debug|Any CPU
		{ED844FFD-011C-41EE-A2D3-C07AA14957A1}.Debug|Any CPU.Build.0 = Debug|Any CPU
		{ED844FFD-011C-41EE-A2D3-C07AA14957A1}.Release|Any CPU.ActiveCfg = Release|Any CPU
		{ED844FFD-011C-41EE-A2D3-C07AA14957A1}.Release|Any CPU.Build.0 = Release|Any CPU
		{141E4D0A-7958-4FDB-B496-8E0847C72266}.Debug|Any CPU.ActiveCfg = Debug|Any CPU
		{141E4D0A-7958-4FDB-B496-8E0847C72266}.Debug|Any CPU.Build.0 = Debug|Any CPU
		{141E4D0A-7958-4FDB-B496-8E0847C72266}.Release|Any CPU.ActiveCfg = Release|Any CPU
		{141E4D0A-7958-4FDB-B496-8E0847C72266}.Release|Any CPU.Build.0 = Release|Any CPU
		{CDFBB3AD-CCBB-4F58-BD9F-AD6E0D8490B0}.Debug|Any CPU.ActiveCfg = Debug|Any CPU
		{CDFBB3AD-CCBB-4F58-BD9F-AD6E0D8490B0}.Debug|Any CPU.Build.0 = Debug|Any CPU
		{CDFBB3AD-CCBB-4F58-BD9F-AD6E0D8490B0}.Release|Any CPU.ActiveCfg = Release|Any CPU
		{CDFBB3AD-CCBB-4F58-BD9F-AD6E0D8490B0}.Release|Any CPU.Build.0 = Release|Any CPU
		{99589BED-F281-4E1C-9516-D413EDB1C9CF}.Debug|Any CPU.ActiveCfg = Debug|Any CPU
		{99589BED-F281-4E1C-9516-D413EDB1C9CF}.Debug|Any CPU.Build.0 = Debug|Any CPU
		{99589BED-F281-4E1C-9516-D413EDB1C9CF}.Release|Any CPU.ActiveCfg = Release|Any CPU
		{99589BED-F281-4E1C-9516-D413EDB1C9CF}.Release|Any CPU.Build.0 = Release|Any CPU
		{C6EF679D-5ACC-4D95-8B33-4807BE9A8DB4}.Debug|Any CPU.ActiveCfg = Debug|Any CPU
		{C6EF679D-5ACC-4D95-8B33-4807BE9A8DB4}.Debug|Any CPU.Build.0 = Debug|Any CPU
		{C6EF679D-5ACC-4D95-8B33-4807BE9A8DB4}.Release|Any CPU.ActiveCfg = Release|Any CPU
		{C6EF679D-5ACC-4D95-8B33-4807BE9A8DB4}.Release|Any CPU.Build.0 = Release|Any CPU
		{59ACA07E-E7A1-48A2-81DF-A55A8AC02628}.Debug|Any CPU.ActiveCfg = Debug|Any CPU
		{59ACA07E-E7A1-48A2-81DF-A55A8AC02628}.Debug|Any CPU.Build.0 = Debug|Any CPU
		{59ACA07E-E7A1-48A2-81DF-A55A8AC02628}.Release|Any CPU.ActiveCfg = Release|Any CPU
		{59ACA07E-E7A1-48A2-81DF-A55A8AC02628}.Release|Any CPU.Build.0 = Release|Any CPU
		{12F30FAE-B6CB-4228-BE69-874A51D02058}.Debug|Any CPU.ActiveCfg = Debug|Any CPU
		{12F30FAE-B6CB-4228-BE69-874A51D02058}.Debug|Any CPU.Build.0 = Debug|Any CPU
		{12F30FAE-B6CB-4228-BE69-874A51D02058}.Release|Any CPU.ActiveCfg = Release|Any CPU
		{12F30FAE-B6CB-4228-BE69-874A51D02058}.Release|Any CPU.Build.0 = Release|Any CPU
		{BF062DF6-536A-4E0C-B5D5-DB021CFE0CAE}.Debug|Any CPU.ActiveCfg = Debug|Any CPU
		{BF062DF6-536A-4E0C-B5D5-DB021CFE0CAE}.Debug|Any CPU.Build.0 = Debug|Any CPU
		{BF062DF6-536A-4E0C-B5D5-DB021CFE0CAE}.Release|Any CPU.ActiveCfg = Release|Any CPU
		{BF062DF6-536A-4E0C-B5D5-DB021CFE0CAE}.Release|Any CPU.Build.0 = Release|Any CPU
		{3CF42D3E-F2BD-48C9-B9AA-3000EA745841}.Debug|Any CPU.ActiveCfg = Debug|Any CPU
		{3CF42D3E-F2BD-48C9-B9AA-3000EA745841}.Debug|Any CPU.Build.0 = Debug|Any CPU
		{3CF42D3E-F2BD-48C9-B9AA-3000EA745841}.Release|Any CPU.ActiveCfg = Release|Any CPU
		{3CF42D3E-F2BD-48C9-B9AA-3000EA745841}.Release|Any CPU.Build.0 = Release|Any CPU
		{5328FDAC-7574-4FB2-8331-388691B777DB}.Debug|Any CPU.ActiveCfg = Debug|Any CPU
		{5328FDAC-7574-4FB2-8331-388691B777DB}.Debug|Any CPU.Build.0 = Debug|Any CPU
		{5328FDAC-7574-4FB2-8331-388691B777DB}.Release|Any CPU.ActiveCfg = Release|Any CPU
		{5328FDAC-7574-4FB2-8331-388691B777DB}.Release|Any CPU.Build.0 = Release|Any CPU
		{C2495987-7FCA-4A39-91A7-DF324F1E266B}.Debug|Any CPU.ActiveCfg = Debug|Any CPU
		{C2495987-7FCA-4A39-91A7-DF324F1E266B}.Debug|Any CPU.Build.0 = Debug|Any CPU
		{C2495987-7FCA-4A39-91A7-DF324F1E266B}.Release|Any CPU.ActiveCfg = Release|Any CPU
		{C2495987-7FCA-4A39-91A7-DF324F1E266B}.Release|Any CPU.Build.0 = Release|Any CPU
		{D5D7F8E0-4564-4B7B-96B7-316207080722}.Debug|Any CPU.ActiveCfg = Debug|Any CPU
		{D5D7F8E0-4564-4B7B-96B7-316207080722}.Debug|Any CPU.Build.0 = Debug|Any CPU
		{D5D7F8E0-4564-4B7B-96B7-316207080722}.Release|Any CPU.ActiveCfg = Release|Any CPU
		{D5D7F8E0-4564-4B7B-96B7-316207080722}.Release|Any CPU.Build.0 = Release|Any CPU
		{477D7728-85E3-4878-8A51-FEFFB446D2A2}.Debug|Any CPU.ActiveCfg = Debug|Any CPU
		{477D7728-85E3-4878-8A51-FEFFB446D2A2}.Debug|Any CPU.Build.0 = Debug|Any CPU
		{477D7728-85E3-4878-8A51-FEFFB446D2A2}.Release|Any CPU.ActiveCfg = Release|Any CPU
		{477D7728-85E3-4878-8A51-FEFFB446D2A2}.Release|Any CPU.Build.0 = Release|Any CPU
	EndGlobalSection
	GlobalSection(SolutionProperties) = preSolution
		HideSolutionNode = FALSE
	EndGlobalSection
	GlobalSection(NestedProjects) = preSolution
		{98A773EC-7110-44AC-8B33-752C5E5908D4} = {02EA681E-C7D8-13C7-8484-4AC65E1B71E8}
		{EC27E89E-0F20-415B-8BA0-F9020E921A55} = {98A773EC-7110-44AC-8B33-752C5E5908D4}
		{E0FFB80B-19E3-4DE3-9386-5A81C229DC1F} = {02EA681E-C7D8-13C7-8484-4AC65E1B71E8}
		{ED844FFD-011C-41EE-A2D3-C07AA14957A1} = {E0FFB80B-19E3-4DE3-9386-5A81C229DC1F}
		{FBEAB6B5-2DB8-4CF5-80E9-2BA5B3194735} = {02EA681E-C7D8-13C7-8484-4AC65E1B71E8}
		{AF03DFE9-7652-403C-B352-AD55922B637D} = {FBEAB6B5-2DB8-4CF5-80E9-2BA5B3194735}
		{7EDD5ECA-EAA7-4BE3-8B14-1DAB9BB4528E} = {FBEAB6B5-2DB8-4CF5-80E9-2BA5B3194735}
		{BEFB65DE-831B-4D92-9B65-8D88D165FDAF} = {FBEAB6B5-2DB8-4CF5-80E9-2BA5B3194735}
		{141E4D0A-7958-4FDB-B496-8E0847C72266} = {AF03DFE9-7652-403C-B352-AD55922B637D}
		{CDFBB3AD-CCBB-4F58-BD9F-AD6E0D8490B0} = {AF03DFE9-7652-403C-B352-AD55922B637D}
		{99589BED-F281-4E1C-9516-D413EDB1C9CF} = {BEFB65DE-831B-4D92-9B65-8D88D165FDAF}
		{C6EF679D-5ACC-4D95-8B33-4807BE9A8DB4} = {7EDD5ECA-EAA7-4BE3-8B14-1DAB9BB4528E}
		{59ACA07E-E7A1-48A2-81DF-A55A8AC02628} = {B6919786-5026-41C1-A065-63C54CDC299B}
		{36239641-5665-4260-B665-80CEDD2799C8} = {02EA681E-C7D8-13C7-8484-4AC65E1B71E8}
		{12F30FAE-B6CB-4228-BE69-874A51D02058} = {36239641-5665-4260-B665-80CEDD2799C8}
		{BF062DF6-536A-4E0C-B5D5-DB021CFE0CAE} = {36239641-5665-4260-B665-80CEDD2799C8}
		{3CF42D3E-F2BD-48C9-B9AA-3000EA745841} = {36239641-5665-4260-B665-80CEDD2799C8}
		{5328FDAC-7574-4FB2-8331-388691B777DB} = {36239641-5665-4260-B665-80CEDD2799C8}
		{C2495987-7FCA-4A39-91A7-DF324F1E266B} = {36239641-5665-4260-B665-80CEDD2799C8}
		{DA52B52B-7FAB-4CA2-893C-25A4808A5666} = {02EA681E-C7D8-13C7-8484-4AC65E1B71E8}
		{D5D7F8E0-4564-4B7B-96B7-316207080722} = {DA52B52B-7FAB-4CA2-893C-25A4808A5666}
		{477D7728-85E3-4878-8A51-FEFFB446D2A2} = {C2EF51FB-6FF8-4F9E-9A5B-24A40BEA634A}
	EndGlobalSection
	GlobalSection(ExtensibilityGlobals) = postSolution
		SolutionGuid = {1D0BF21A-4CA6-41F2-AD62-54E422791218}
	EndGlobalSection
EndGlobal
